PODS:
  - CatalogByConvention (2.0.0)
  - MaterialMotionDirectManipulationFamily (1.0.0):
    - MaterialMotionRuntime (~> 4.0)
  - MaterialMotionRuntime (4.0.0)

DEPENDENCIES:
  - CatalogByConvention
  - MaterialMotionDirectManipulationFamily (from `./`)
  - MaterialMotionRuntime

EXTERNAL SOURCES:
  MaterialMotionDirectManipulationFamily:
    :path: "./"

SPEC CHECKSUMS:
  CatalogByConvention: be55c2263132e4f9f59299ac8a528ee8715b3275
  MaterialMotionDirectManipulationFamily: 5c4e71a9adddea0b704f6e54a5707dbd20278316
  MaterialMotionRuntime: 0542afcb0329e032f198d711941fc667f42cc0a2

PODFILE CHECKSUM: 9103685dd4a7cb2c3f2ddbb3dc20de80f8e57c86

COCOAPODS: 1.1.1
