PODS:
  - MaterialMotionDirectManipulationFamily (1.0.0):
    - MaterialMotionRuntime (~> 4.0)
  - MaterialMotionRuntime (4.0.0)

DEPENDENCIES:
  - MaterialMotionDirectManipulationFamily (from `./`)
  - MaterialMotionRuntime

EXTERNAL SOURCES:
  MaterialMotionDirectManipulationFamily:
    :path: "./"

SPEC CHECKSUMS:
  MaterialMotionDirectManipulationFamily: 5c4e71a9adddea0b704f6e54a5707dbd20278316
  MaterialMotionRuntime: 0542afcb0329e032f198d711941fc667f42cc0a2

PODFILE CHECKSUM: 06eea88950656fc1ab4f35bce0269a517172e959

COCOAPODS: 1.1.0.rc.3
