// !$*UTF8*$!
{
	archiveVersion = 1;
	classes = {
	};
	objectVersion = 46;
	objects = {

/* Begin PBXBuildFile section */
		047DC51A59DEB258F091159F /* Pods_MaterialMotionDirectManipulationFamily_UnitTests.framework in Frameworks */ = {isa = PBXBuildFile; fileRef = 211A19D660FB04114F03F7E7 /* Pods_MaterialMotionDirectManipulationFamily_UnitTests.framework */; };
		666FAA841D384A6B000363DA /* AppDelegate.swift in Sources */ = {isa = PBXBuildFile; fileRef = 666FAA831D384A6B000363DA /* AppDelegate.swift */; };
		666FAA8B1D384A6B000363DA /* Assets.xcassets in Resources */ = {isa = PBXBuildFile; fileRef = 666FAA8A1D384A6B000363DA /* Assets.xcassets */; };
		666FAA8E1D384A6B000363DA /* LaunchScreen.storyboard in Resources */ = {isa = PBXBuildFile; fileRef = 666FAA8C1D384A6B000363DA /* LaunchScreen.storyboard */; };
		73D1CC614139358D78678E9F /* Pods_MaterialMotionDirectManipulationFamily_Catalog.framework in Frameworks */ = {isa = PBXBuildFile; fileRef = 47AD29C808E6149118D934CA /* Pods_MaterialMotionDirectManipulationFamily_Catalog.framework */; };
		DE0294BD1D5CE6E300A5BBA5 /* SimpleGestureTests.swift in Sources */ = {isa = PBXBuildFile; fileRef = DE0294BB1D5CE6B400A5BBA5 /* SimpleGestureTests.swift */; };
		DE1EFE1A1DB7EA33009939F5 /* ObjectiveCAPITests.m in Sources */ = {isa = PBXBuildFile; fileRef = DE1EFE191DB7EA33009939F5 /* ObjectiveCAPITests.m */; };
		DE73309F1D88A188003BBF53 /* ComposedGestureTests.swift in Sources */ = {isa = PBXBuildFile; fileRef = DE73309D1D88A14B003BBF53 /* ComposedGestureTests.swift */; };
		DE7330A21D88BD9C003BBF53 /* TestableGestureRecognizer.swift in Sources */ = {isa = PBXBuildFile; fileRef = DE7330A01D88B9A4003BBF53 /* TestableGestureRecognizer.swift */; };
		DE7977851D4FF53900691A95 /* DirectManipulationViewController.swift in Sources */ = {isa = PBXBuildFile; fileRef = DE7977841D4FF53900691A95 /* DirectManipulationViewController.swift */; };
/* End PBXBuildFile section */

/* Begin PBXContainerItemProxy section */
		666FAA951D384A6B000363DA /* PBXContainerItemProxy */ = {
			isa = PBXContainerItemProxy;
			containerPortal = 666FAA781D384A6B000363DA /* Project object */;
			proxyType = 1;
			remoteGlobalIDString = 666FAA7F1D384A6B000363DA;
			remoteInfo = Catalog;
		};
/* End PBXContainerItemProxy section */

/* Begin PBXFileReference section */
		1614649213BE7E305369FE5D /* Pods_MaterialMotionGesturesFamily_UnitTests.framework */ = {isa = PBXFileReference; explicitFileType = wrapper.framework; includeInIndex = 0; path = Pods_MaterialMotionGesturesFamily_UnitTests.framework; sourceTree = BUILT_PRODUCTS_DIR; };
		211A19D660FB04114F03F7E7 /* Pods_MaterialMotionDirectManipulationFamily_UnitTests.framework */ = {isa = PBXFileReference; explicitFileType = wrapper.framework; includeInIndex = 0; path = Pods_MaterialMotionDirectManipulationFamily_UnitTests.framework; sourceTree = BUILT_PRODUCTS_DIR; };
		47AD29C808E6149118D934CA /* Pods_MaterialMotionDirectManipulationFamily_Catalog.framework */ = {isa = PBXFileReference; explicitFileType = wrapper.framework; includeInIndex = 0; path = Pods_MaterialMotionDirectManipulationFamily_Catalog.framework; sourceTree = BUILT_PRODUCTS_DIR; };
		666FAA801D384A6B000363DA /* Catalog.app */ = {isa = PBXFileReference; explicitFileType = wrapper.application; includeInIndex = 0; path = Catalog.app; sourceTree = BUILT_PRODUCTS_DIR; };
		666FAA831D384A6B000363DA /* AppDelegate.swift */ = {isa = PBXFileReference; lastKnownFileType = sourcecode.swift; name = AppDelegate.swift; path = Catalog/AppDelegate.swift; sourceTree = "<group>"; };
		666FAA8A1D384A6B000363DA /* Assets.xcassets */ = {isa = PBXFileReference; lastKnownFileType = folder.assetcatalog; path = Assets.xcassets; sourceTree = "<group>"; };
		666FAA8D1D384A6B000363DA /* Base */ = {isa = PBXFileReference; lastKnownFileType = file.storyboard; name = Base; path = Base.lproj/LaunchScreen.storyboard; sourceTree = "<group>"; };
		666FAA8F1D384A6B000363DA /* Info.plist */ = {isa = PBXFileReference; lastKnownFileType = text.plist.xml; path = Info.plist; sourceTree = "<group>"; };
		666FAA941D384A6B000363DA /* UnitTests.xctest */ = {isa = PBXFileReference; explicitFileType = wrapper.cfbundle; includeInIndex = 0; path = UnitTests.xctest; sourceTree = BUILT_PRODUCTS_DIR; };
		666FAA9A1D384A6B000363DA /* Info.plist */ = {isa = PBXFileReference; lastKnownFileType = text.plist.xml; name = Info.plist; path = ../UnitTests/Info.plist; sourceTree = "<group>"; };
		666FAAA71D384D51000363DA /* UnitTests-Bridging-Header.h */ = {isa = PBXFileReference; lastKnownFileType = sourcecode.c.h; name = "UnitTests-Bridging-Header.h"; path = "../UnitTests/UnitTests-Bridging-Header.h"; sourceTree = "<group>"; };
		797B1E98CB9449E4A6927255 /* Pods_MaterialMotionGesturesFamily_Catalog.framework */ = {isa = PBXFileReference; explicitFileType = wrapper.framework; includeInIndex = 0; path = Pods_MaterialMotionGesturesFamily_Catalog.framework; sourceTree = BUILT_PRODUCTS_DIR; };
		DB1C7A2F80E7D1E0F3503AFD /* Pods-MaterialMotionDirectManipulationFamily-UnitTests.release.xcconfig */ = {isa = PBXFileReference; includeInIndex = 1; lastKnownFileType = text.xcconfig; name = "Pods-MaterialMotionDirectManipulationFamily-UnitTests.release.xcconfig"; path = "../../../Pods/Target Support Files/Pods-MaterialMotionDirectManipulationFamily-UnitTests/Pods-MaterialMotionDirectManipulationFamily-UnitTests.release.xcconfig"; sourceTree = "<group>"; };
		DC36123760B2FCBFD565C0E7 /* Pods-MaterialMotionDirectManipulationFamily-UnitTests.debug.xcconfig */ = {isa = PBXFileReference; includeInIndex = 1; lastKnownFileType = text.xcconfig; name = "Pods-MaterialMotionDirectManipulationFamily-UnitTests.debug.xcconfig"; path = "../../../Pods/Target Support Files/Pods-MaterialMotionDirectManipulationFamily-UnitTests/Pods-MaterialMotionDirectManipulationFamily-UnitTests.debug.xcconfig"; sourceTree = "<group>"; };
		DE0294BB1D5CE6B400A5BBA5 /* SimpleGestureTests.swift */ = {isa = PBXFileReference; fileEncoding = 4; lastKnownFileType = sourcecode.swift; path = SimpleGestureTests.swift; sourceTree = "<group>"; };
		DE1EFE191DB7EA33009939F5 /* ObjectiveCAPITests.m */ = {isa = PBXFileReference; fileEncoding = 4; lastKnownFileType = sourcecode.c.objc; path = ObjectiveCAPITests.m; sourceTree = "<group>"; };
		DE73309D1D88A14B003BBF53 /* ComposedGestureTests.swift */ = {isa = PBXFileReference; fileEncoding = 4; lastKnownFileType = sourcecode.swift; path = ComposedGestureTests.swift; sourceTree = "<group>"; };
		DE7330A01D88B9A4003BBF53 /* TestableGestureRecognizer.swift */ = {isa = PBXFileReference; fileEncoding = 4; lastKnownFileType = sourcecode.swift; path = TestableGestureRecognizer.swift; sourceTree = "<group>"; };
		DE7977841D4FF53900691A95 /* DirectManipulationViewController.swift */ = {isa = PBXFileReference; fileEncoding = 4; lastKnownFileType = sourcecode.swift; name = DirectManipulationViewController.swift; path = apps/Catalog/DirectManipulationViewController.swift; sourceTree = "<group>"; };
		F3DF17AC229B9E4FE3049EC8 /* Pods-MaterialMotionDirectManipulationFamily-Catalog.release.xcconfig */ = {isa = PBXFileReference; includeInIndex = 1; lastKnownFileType = text.xcconfig; name = "Pods-MaterialMotionDirectManipulationFamily-Catalog.release.xcconfig"; path = "../../../Pods/Target Support Files/Pods-MaterialMotionDirectManipulationFamily-Catalog/Pods-MaterialMotionDirectManipulationFamily-Catalog.release.xcconfig"; sourceTree = "<group>"; };
		F4B078EA77710D032C55A942 /* Pods-MaterialMotionDirectManipulationFamily-Catalog.debug.xcconfig */ = {isa = PBXFileReference; includeInIndex = 1; lastKnownFileType = text.xcconfig; name = "Pods-MaterialMotionDirectManipulationFamily-Catalog.debug.xcconfig"; path = "../../../Pods/Target Support Files/Pods-MaterialMotionDirectManipulationFamily-Catalog/Pods-MaterialMotionDirectManipulationFamily-Catalog.debug.xcconfig"; sourceTree = "<group>"; };
/* End PBXFileReference section */

/* Begin PBXFrameworksBuildPhase section */
		2A4890647E0CE5AFC94D98B2 /* Frameworks */ = {
			isa = PBXFrameworksBuildPhase;
			buildActionMask = 2147483647;
			files = (
				73D1CC614139358D78678E9F /* Pods_MaterialMotionDirectManipulationFamily_Catalog.framework in Frameworks */,
			);
			runOnlyForDeploymentPostprocessing = 0;
		};
		6C4BDA25E1015DE57D87CB3C /* Frameworks */ = {
			isa = PBXFrameworksBuildPhase;
			buildActionMask = 2147483647;
			files = (
				047DC51A59DEB258F091159F /* Pods_MaterialMotionDirectManipulationFamily_UnitTests.framework in Frameworks */,
			);
			runOnlyForDeploymentPostprocessing = 0;
		};
/* End PBXFrameworksBuildPhase section */

/* Begin PBXGroup section */
		666FAA771D384A6B000363DA = {
			isa = PBXGroup;
			children = (
				666FAAA31D384B13000363DA /* examples */,
				666FAAA61D384B77000363DA /* catalog */,
				666FAA971D384A6B000363DA /* tests */,
				666FAA821D384A6B000363DA /* resources */,
				666FAA811D384A6B000363DA /* Products */,
				A06CEB785B01B566C17BE4FD /* Pods */,
				735A273DCE26B8EBCF88F9CE /* Frameworks */,
			);
			sourceTree = "<group>";
		};
		666FAA811D384A6B000363DA /* Products */ = {
			isa = PBXGroup;
			children = (
				666FAA801D384A6B000363DA /* Catalog.app */,
				666FAA941D384A6B000363DA /* UnitTests.xctest */,
			);
			name = Products;
			sourceTree = "<group>";
		};
		666FAA821D384A6B000363DA /* resources */ = {
			isa = PBXGroup;
			children = (
				666FAAA51D384B5B000363DA /* catalog */,
				666FAAA41D384B52000363DA /* tests */,
			);
			name = resources;
			path = Catalog;
			sourceTree = "<group>";
		};
		666FAA971D384A6B000363DA /* tests */ = {
			isa = PBXGroup;
			children = (
				DE0294BB1D5CE6B400A5BBA5 /* SimpleGestureTests.swift */,
				DE73309D1D88A14B003BBF53 /* ComposedGestureTests.swift */,
				DE7330A01D88B9A4003BBF53 /* TestableGestureRecognizer.swift */,
				DE1EFE191DB7EA33009939F5 /* ObjectiveCAPITests.m */,
			);
			name = tests;
			path = ../../../tests/unit;
			sourceTree = "<group>";
		};
		666FAAA31D384B13000363DA /* examples */ = {
			isa = PBXGroup;
			children = (
				DE7977841D4FF53900691A95 /* DirectManipulationViewController.swift */,
			);
			name = examples;
			path = ../..;
			sourceTree = "<group>";
		};
		666FAAA41D384B52000363DA /* tests */ = {
			isa = PBXGroup;
			children = (
				666FAAA71D384D51000363DA /* UnitTests-Bridging-Header.h */,
				666FAA9A1D384A6B000363DA /* Info.plist */,
			);
			name = tests;
			sourceTree = "<group>";
		};
		666FAAA51D384B5B000363DA /* catalog */ = {
			isa = PBXGroup;
			children = (
				666FAA8A1D384A6B000363DA /* Assets.xcassets */,
				666FAA8C1D384A6B000363DA /* LaunchScreen.storyboard */,
				666FAA8F1D384A6B000363DA /* Info.plist */,
			);
			name = catalog;
			sourceTree = "<group>";
		};
		666FAAA61D384B77000363DA /* catalog */ = {
			isa = PBXGroup;
			children = (
				666FAA831D384A6B000363DA /* AppDelegate.swift */,
			);
			name = catalog;
			sourceTree = "<group>";
		};
		735A273DCE26B8EBCF88F9CE /* Frameworks */ = {
			isa = PBXGroup;
			children = (
				797B1E98CB9449E4A6927255 /* Pods_MaterialMotionGesturesFamily_Catalog.framework */,
				1614649213BE7E305369FE5D /* Pods_MaterialMotionGesturesFamily_UnitTests.framework */,
				47AD29C808E6149118D934CA /* Pods_MaterialMotionDirectManipulationFamily_Catalog.framework */,
				211A19D660FB04114F03F7E7 /* Pods_MaterialMotionDirectManipulationFamily_UnitTests.framework */,
			);
			name = Frameworks;
			sourceTree = "<group>";
		};
		A06CEB785B01B566C17BE4FD /* Pods */ = {
			isa = PBXGroup;
			children = (
				F4B078EA77710D032C55A942 /* Pods-MaterialMotionDirectManipulationFamily-Catalog.debug.xcconfig */,
				F3DF17AC229B9E4FE3049EC8 /* Pods-MaterialMotionDirectManipulationFamily-Catalog.release.xcconfig */,
				DC36123760B2FCBFD565C0E7 /* Pods-MaterialMotionDirectManipulationFamily-UnitTests.debug.xcconfig */,
				DB1C7A2F80E7D1E0F3503AFD /* Pods-MaterialMotionDirectManipulationFamily-UnitTests.release.xcconfig */,
			);
			name = Pods;
			sourceTree = "<group>";
		};
/* End PBXGroup section */

/* Begin PBXNativeTarget section */
		666FAA7F1D384A6B000363DA /* Catalog */ = {
			isa = PBXNativeTarget;
			buildConfigurationList = 666FAA9D1D384A6B000363DA /* Build configuration list for PBXNativeTarget "Catalog" */;
			buildPhases = (
				0F0E2F38B481839BCAAC836F /* [CP] Check Pods Manifest.lock */,
				666FAA7C1D384A6B000363DA /* Sources */,
				666FAA7E1D384A6B000363DA /* Resources */,
				2A4890647E0CE5AFC94D98B2 /* Frameworks */,
				E2D5126F2C4E7C24619FFC4F /* [CP] Embed Pods Frameworks */,
				968D78735855AE7E8FD1D42D /* [CP] Copy Pods Resources */,
			);
			buildRules = (
			);
			dependencies = (
			);
			name = Catalog;
			productName = Catalog;
			productReference = 666FAA801D384A6B000363DA /* Catalog.app */;
			productType = "com.apple.product-type.application";
		};
		666FAA931D384A6B000363DA /* UnitTests */ = {
			isa = PBXNativeTarget;
			buildConfigurationList = 666FAAA01D384A6B000363DA /* Build configuration list for PBXNativeTarget "UnitTests" */;
			buildPhases = (
				5B6F9E68F8D069CBDF8192C1 /* [CP] Check Pods Manifest.lock */,
				666FAA901D384A6B000363DA /* Sources */,
				666FAA921D384A6B000363DA /* Resources */,
				6C4BDA25E1015DE57D87CB3C /* Frameworks */,
				E0BB959A5CE426C14581C409 /* [CP] Embed Pods Frameworks */,
				32A8EF12C3039B923A30550A /* [CP] Copy Pods Resources */,
			);
			buildRules = (
			);
			dependencies = (
				666FAA961D384A6B000363DA /* PBXTargetDependency */,
			);
			name = UnitTests;
			productName = CatalogTests;
			productReference = 666FAA941D384A6B000363DA /* UnitTests.xctest */;
			productType = "com.apple.product-type.bundle.unit-test";
		};
/* End PBXNativeTarget section */

/* Begin PBXProject section */
		666FAA781D384A6B000363DA /* Project object */ = {
			isa = PBXProject;
			attributes = {
				LastSwiftUpdateCheck = 0730;
				LastUpgradeCheck = 0800;
				ORGANIZATIONNAME = Google;
				TargetAttributes = {
					666FAA7F1D384A6B000363DA = {
						CreatedOnToolsVersion = 7.3.1;
						DevelopmentTeam = EQHXZ8M8AV;
						LastSwiftMigration = 0800;
					};
					666FAA931D384A6B000363DA = {
						CreatedOnToolsVersion = 7.3.1;
						LastSwiftMigration = 0800;
						TestTargetID = 666FAA7F1D384A6B000363DA;
					};
				};
			};
			buildConfigurationList = 666FAA7B1D384A6B000363DA /* Build configuration list for PBXProject "Catalog" */;
			compatibilityVersion = "Xcode 3.2";
			developmentRegion = English;
			hasScannedForEncodings = 0;
			knownRegions = (
				en,
				Base,
			);
			mainGroup = 666FAA771D384A6B000363DA;
			productRefGroup = 666FAA811D384A6B000363DA /* Products */;
			projectDirPath = "";
			projectRoot = "";
			targets = (
				666FAA7F1D384A6B000363DA /* Catalog */,
				666FAA931D384A6B000363DA /* UnitTests */,
			);
		};
/* End PBXProject section */

/* Begin PBXResourcesBuildPhase section */
		666FAA7E1D384A6B000363DA /* Resources */ = {
			isa = PBXResourcesBuildPhase;
			buildActionMask = 2147483647;
			files = (
				666FAA8E1D384A6B000363DA /* LaunchScreen.storyboard in Resources */,
				666FAA8B1D384A6B000363DA /* Assets.xcassets in Resources */,
			);
			runOnlyForDeploymentPostprocessing = 0;
		};
		666FAA921D384A6B000363DA /* Resources */ = {
			isa = PBXResourcesBuildPhase;
			buildActionMask = 2147483647;
			files = (
			);
			runOnlyForDeploymentPostprocessing = 0;
		};
/* End PBXResourcesBuildPhase section */

/* Begin PBXShellScriptBuildPhase section */
		0F0E2F38B481839BCAAC836F /* [CP] Check Pods Manifest.lock */ = {
			isa = PBXShellScriptBuildPhase;
			buildActionMask = 2147483647;
			files = (
			);
			inputPaths = (
			);
			name = "[CP] Check Pods Manifest.lock";
			outputPaths = (
			);
			runOnlyForDeploymentPostprocessing = 0;
			shellPath = /bin/sh;
			shellScript = "diff \"${PODS_ROOT}/../Podfile.lock\" \"${PODS_ROOT}/Manifest.lock\" > /dev/null\nif [ $? != 0 ] ; then\n    # print error to STDERR\n    echo \"error: The sandbox is not in sync with the Podfile.lock. Run 'pod install' or update your CocoaPods installation.\" >&2\n    exit 1\nfi\n";
			showEnvVarsInLog = 0;
		};
		32A8EF12C3039B923A30550A /* [CP] Copy Pods Resources */ = {
			isa = PBXShellScriptBuildPhase;
			buildActionMask = 2147483647;
			files = (
			);
			inputPaths = (
			);
			name = "[CP] Copy Pods Resources";
			outputPaths = (
			);
			runOnlyForDeploymentPostprocessing = 0;
			shellPath = /bin/sh;
			shellScript = "\"${SRCROOT}/../../../Pods/Target Support Files/Pods-MaterialMotionDirectManipulationFamily-UnitTests/Pods-MaterialMotionDirectManipulationFamily-UnitTests-resources.sh\"\n";
			showEnvVarsInLog = 0;
		};
		5B6F9E68F8D069CBDF8192C1 /* [CP] Check Pods Manifest.lock */ = {
			isa = PBXShellScriptBuildPhase;
			buildActionMask = 2147483647;
			files = (
			);
			inputPaths = (
			);
			name = "[CP] Check Pods Manifest.lock";
			outputPaths = (
			);
			runOnlyForDeploymentPostprocessing = 0;
			shellPath = /bin/sh;
			shellScript = "diff \"${PODS_ROOT}/../Podfile.lock\" \"${PODS_ROOT}/Manifest.lock\" > /dev/null\nif [ $? != 0 ] ; then\n    # print error to STDERR\n    echo \"error: The sandbox is not in sync with the Podfile.lock. Run 'pod install' or update your CocoaPods installation.\" >&2\n    exit 1\nfi\n";
			showEnvVarsInLog = 0;
		};
		968D78735855AE7E8FD1D42D /* [CP] Copy Pods Resources */ = {
			isa = PBXShellScriptBuildPhase;
			buildActionMask = 2147483647;
			files = (
			);
			inputPaths = (
			);
			name = "[CP] Copy Pods Resources";
			outputPaths = (
			);
			runOnlyForDeploymentPostprocessing = 0;
			shellPath = /bin/sh;
			shellScript = "\"${SRCROOT}/../../../Pods/Target Support Files/Pods-MaterialMotionDirectManipulationFamily-Catalog/Pods-MaterialMotionDirectManipulationFamily-Catalog-resources.sh\"\n";
			showEnvVarsInLog = 0;
		};
		E0BB959A5CE426C14581C409 /* [CP] Embed Pods Frameworks */ = {
			isa = PBXShellScriptBuildPhase;
			buildActionMask = 2147483647;
			files = (
			);
			inputPaths = (
			);
			name = "[CP] Embed Pods Frameworks";
			outputPaths = (
			);
			runOnlyForDeploymentPostprocessing = 0;
			shellPath = /bin/sh;
			shellScript = "\"${SRCROOT}/../../../Pods/Target Support Files/Pods-MaterialMotionDirectManipulationFamily-UnitTests/Pods-MaterialMotionDirectManipulationFamily-UnitTests-frameworks.sh\"\n";
			showEnvVarsInLog = 0;
		};
		E2D5126F2C4E7C24619FFC4F /* [CP] Embed Pods Frameworks */ = {
			isa = PBXShellScriptBuildPhase;
			buildActionMask = 2147483647;
			files = (
			);
			inputPaths = (
			);
			name = "[CP] Embed Pods Frameworks";
			outputPaths = (
			);
			runOnlyForDeploymentPostprocessing = 0;
			shellPath = /bin/sh;
			shellScript = "\"${SRCROOT}/../../../Pods/Target Support Files/Pods-MaterialMotionDirectManipulationFamily-Catalog/Pods-MaterialMotionDirectManipulationFamily-Catalog-frameworks.sh\"\n";
			showEnvVarsInLog = 0;
		};
/* End PBXShellScriptBuildPhase section */

/* Begin PBXSourcesBuildPhase section */
		666FAA7C1D384A6B000363DA /* Sources */ = {
			isa = PBXSourcesBuildPhase;
			buildActionMask = 2147483647;
			files = (
				DE7977851D4FF53900691A95 /* DirectManipulationViewController.swift in Sources */,
				666FAA841D384A6B000363DA /* AppDelegate.swift in Sources */,
			);
			runOnlyForDeploymentPostprocessing = 0;
		};
		666FAA901D384A6B000363DA /* Sources */ = {
			isa = PBXSourcesBuildPhase;
			buildActionMask = 2147483647;
			files = (
				DE0294BD1D5CE6E300A5BBA5 /* SimpleGestureTests.swift in Sources */,
				DE7330A21D88BD9C003BBF53 /* TestableGestureRecognizer.swift in Sources */,
				DE1EFE1A1DB7EA33009939F5 /* ObjectiveCAPITests.m in Sources */,
				DE73309F1D88A188003BBF53 /* ComposedGestureTests.swift in Sources */,
			);
			runOnlyForDeploymentPostprocessing = 0;
		};
/* End PBXSourcesBuildPhase section */

/* Begin PBXTargetDependency section */
		666FAA961D384A6B000363DA /* PBXTargetDependency */ = {
			isa = PBXTargetDependency;
			target = 666FAA7F1D384A6B000363DA /* Catalog */;
			targetProxy = 666FAA951D384A6B000363DA /* PBXContainerItemProxy */;
		};
/* End PBXTargetDependency section */

/* Begin PBXVariantGroup section */
		666FAA8C1D384A6B000363DA /* LaunchScreen.storyboard */ = {
			isa = PBXVariantGroup;
			children = (
				666FAA8D1D384A6B000363DA /* Base */,
			);
			name = LaunchScreen.storyboard;
			sourceTree = "<group>";
		};
/* End PBXVariantGroup section */

/* Begin XCBuildConfiguration section */
		666FAA9B1D384A6B000363DA /* Debug */ = {
			isa = XCBuildConfiguration;
			buildSettings = {
				ALWAYS_SEARCH_USER_PATHS = NO;
				CLANG_ANALYZER_NONNULL = YES;
				CLANG_CXX_LANGUAGE_STANDARD = "gnu++0x";
				CLANG_CXX_LIBRARY = "libc++";
				CLANG_ENABLE_MODULES = YES;
				CLANG_ENABLE_OBJC_ARC = YES;
				CLANG_WARN_BOOL_CONVERSION = YES;
				CLANG_WARN_CONSTANT_CONVERSION = YES;
				CLANG_WARN_DIRECT_OBJC_ISA_USAGE = YES_ERROR;
				CLANG_WARN_EMPTY_BODY = YES;
				CLANG_WARN_ENUM_CONVERSION = YES;
				CLANG_WARN_INFINITE_RECURSION = YES;
				CLANG_WARN_INT_CONVERSION = YES;
				CLANG_WARN_OBJC_ROOT_CLASS = YES_ERROR;
				CLANG_WARN_SUSPICIOUS_MOVE = YES;
				CLANG_WARN_UNREACHABLE_CODE = YES;
				CLANG_WARN__DUPLICATE_METHOD_MATCH = YES;
				"CODE_SIGN_IDENTITY[sdk=iphoneos*]" = "iPhone Developer";
				COPY_PHASE_STRIP = NO;
				DEBUG_INFORMATION_FORMAT = dwarf;
				ENABLE_STRICT_OBJC_MSGSEND = YES;
				ENABLE_TESTABILITY = YES;
				GCC_C_LANGUAGE_STANDARD = gnu99;
				GCC_DYNAMIC_NO_PIC = NO;
				GCC_NO_COMMON_BLOCKS = YES;
				GCC_OPTIMIZATION_LEVEL = 0;
				GCC_PREPROCESSOR_DEFINITIONS = (
					"DEBUG=1",
					"$(inherited)",
				);
				GCC_WARN_64_TO_32_BIT_CONVERSION = YES;
				GCC_WARN_ABOUT_RETURN_TYPE = YES_ERROR;
				GCC_WARN_UNDECLARED_SELECTOR = YES;
				GCC_WARN_UNINITIALIZED_AUTOS = YES_AGGRESSIVE;
				GCC_WARN_UNUSED_FUNCTION = YES;
				GCC_WARN_UNUSED_VARIABLE = YES;
				IPHONEOS_DEPLOYMENT_TARGET = 8.0;
				MTL_ENABLE_DEBUG_INFO = YES;
				ONLY_ACTIVE_ARCH = YES;
				SDKROOT = iphoneos;
				SWIFT_OPTIMIZATION_LEVEL = "-Onone";
				TARGETED_DEVICE_FAMILY = "1,2";
			};
			name = Debug;
		};
		666FAA9C1D384A6B000363DA /* Release */ = {
			isa = XCBuildConfiguration;
			buildSettings = {
				ALWAYS_SEARCH_USER_PATHS = NO;
				CLANG_ANALYZER_NONNULL = YES;
				CLANG_CXX_LANGUAGE_STANDARD = "gnu++0x";
				CLANG_CXX_LIBRARY = "libc++";
				CLANG_ENABLE_MODULES = YES;
				CLANG_ENABLE_OBJC_ARC = YES;
				CLANG_WARN_BOOL_CONVERSION = YES;
				CLANG_WARN_CONSTANT_CONVERSION = YES;
				CLANG_WARN_DIRECT_OBJC_ISA_USAGE = YES_ERROR;
				CLANG_WARN_EMPTY_BODY = YES;
				CLANG_WARN_ENUM_CONVERSION = YES;
				CLANG_WARN_INFINITE_RECURSION = YES;
				CLANG_WARN_INT_CONVERSION = YES;
				CLANG_WARN_OBJC_ROOT_CLASS = YES_ERROR;
				CLANG_WARN_SUSPICIOUS_MOVE = YES;
				CLANG_WARN_UNREACHABLE_CODE = YES;
				CLANG_WARN__DUPLICATE_METHOD_MATCH = YES;
				"CODE_SIGN_IDENTITY[sdk=iphoneos*]" = "iPhone Developer";
				COPY_PHASE_STRIP = NO;
				DEBUG_INFORMATION_FORMAT = "dwarf-with-dsym";
				ENABLE_NS_ASSERTIONS = NO;
				ENABLE_STRICT_OBJC_MSGSEND = YES;
				GCC_C_LANGUAGE_STANDARD = gnu99;
				GCC_NO_COMMON_BLOCKS = YES;
				GCC_WARN_64_TO_32_BIT_CONVERSION = YES;
				GCC_WARN_ABOUT_RETURN_TYPE = YES_ERROR;
				GCC_WARN_UNDECLARED_SELECTOR = YES;
				GCC_WARN_UNINITIALIZED_AUTOS = YES_AGGRESSIVE;
				GCC_WARN_UNUSED_FUNCTION = YES;
				GCC_WARN_UNUSED_VARIABLE = YES;
				IPHONEOS_DEPLOYMENT_TARGET = 8.0;
				MTL_ENABLE_DEBUG_INFO = NO;
				SDKROOT = iphoneos;
				TARGETED_DEVICE_FAMILY = "1,2";
				VALIDATE_PRODUCT = YES;
			};
			name = Release;
		};
		666FAA9E1D384A6B000363DA /* Debug */ = {
			isa = XCBuildConfiguration;
			baseConfigurationReference = F4B078EA77710D032C55A942 /* Pods-MaterialMotionDirectManipulationFamily-Catalog.debug.xcconfig */;
			buildSettings = {
				ASSETCATALOG_COMPILER_APPICON_NAME = AppIcon;
				DEVELOPMENT_TEAM = EQHXZ8M8AV;
				INFOPLIST_FILE = Catalog/Info.plist;
				LD_RUNPATH_SEARCH_PATHS = "$(inherited) @executable_path/Frameworks";
				PRODUCT_BUNDLE_IDENTIFIER = com.google.Catalog;
				PRODUCT_NAME = "$(TARGET_NAME)";
				SWIFT_VERSION = 3.0;
			};
			name = Debug;
		};
		666FAA9F1D384A6B000363DA /* Release */ = {
			isa = XCBuildConfiguration;
			baseConfigurationReference = F3DF17AC229B9E4FE3049EC8 /* Pods-MaterialMotionDirectManipulationFamily-Catalog.release.xcconfig */;
			buildSettings = {
				ASSETCATALOG_COMPILER_APPICON_NAME = AppIcon;
				DEVELOPMENT_TEAM = EQHXZ8M8AV;
				INFOPLIST_FILE = Catalog/Info.plist;
				LD_RUNPATH_SEARCH_PATHS = "$(inherited) @executable_path/Frameworks";
				PRODUCT_BUNDLE_IDENTIFIER = com.google.Catalog;
				PRODUCT_NAME = "$(TARGET_NAME)";
				SWIFT_OPTIMIZATION_LEVEL = "-Owholemodule";
				SWIFT_VERSION = 3.0;
			};
			name = Release;
		};
		666FAAA11D384A6B000363DA /* Debug */ = {
			isa = XCBuildConfiguration;
			baseConfigurationReference = DC36123760B2FCBFD565C0E7 /* Pods-MaterialMotionDirectManipulationFamily-UnitTests.debug.xcconfig */;
			buildSettings = {
				BUNDLE_LOADER = "$(TEST_HOST)";
				CLANG_ENABLE_MODULES = YES;
				INFOPLIST_FILE = UnitTests/Info.plist;
				LD_RUNPATH_SEARCH_PATHS = "$(inherited) @executable_path/Frameworks @loader_path/Frameworks";
				PRODUCT_BUNDLE_IDENTIFIER = com.google.CatalogTests;
				PRODUCT_NAME = "$(TARGET_NAME)";
				SWIFT_OBJC_BRIDGING_HEADER = "UnitTests/UnitTests-Bridging-Header.h";
				SWIFT_OPTIMIZATION_LEVEL = "-Onone";
				SWIFT_VERSION = 3.0;
				TEST_HOST = "$(BUILT_PRODUCTS_DIR)/Catalog.app/Catalog";
			};
			name = Debug;
		};
		666FAAA21D384A6B000363DA /* Release */ = {
			isa = XCBuildConfiguration;
			baseConfigurationReference = DB1C7A2F80E7D1E0F3503AFD /* Pods-MaterialMotionDirectManipulationFamily-UnitTests.release.xcconfig */;
			buildSettings = {
				BUNDLE_LOADER = "$(TEST_HOST)";
				CLANG_ENABLE_MODULES = YES;
				INFOPLIST_FILE = UnitTests/Info.plist;
				LD_RUNPATH_SEARCH_PATHS = "$(inherited) @executable_path/Frameworks @loader_path/Frameworks";
				PRODUCT_BUNDLE_IDENTIFIER = com.google.CatalogTests;
				PRODUCT_NAME = "$(TARGET_NAME)";
				SWIFT_OBJC_BRIDGING_HEADER = "UnitTests/UnitTests-Bridging-Header.h";
				SWIFT_OPTIMIZATION_LEVEL = "-Owholemodule";
				SWIFT_VERSION = 3.0;
				TEST_HOST = "$(BUILT_PRODUCTS_DIR)/Catalog.app/Catalog";
			};
			name = Release;
		};
/* End XCBuildConfiguration section */

/* Begin XCConfigurationList section */
		666FAA7B1D384A6B000363DA /* Build configuration list for PBXProject "Catalog" */ = {
			isa = XCConfigurationList;
			buildConfigurations = (
				666FAA9B1D384A6B000363DA /* Debug */,
				666FAA9C1D384A6B000363DA /* Release */,
			);
			defaultConfigurationIsVisible = 0;
			defaultConfigurationName = Release;
		};
		666FAA9D1D384A6B000363DA /* Build configuration list for PBXNativeTarget "Catalog" */ = {
			isa = XCConfigurationList;
			buildConfigurations = (
				666FAA9E1D384A6B000363DA /* Debug */,
				666FAA9F1D384A6B000363DA /* Release */,
			);
			defaultConfigurationIsVisible = 0;
			defaultConfigurationName = Release;
		};
		666FAAA01D384A6B000363DA /* Build configuration list for PBXNativeTarget "UnitTests" */ = {
			isa = XCConfigurationList;
			buildConfigurations = (
				666FAAA11D384A6B000363DA /* Debug */,
				666FAAA21D384A6B000363DA /* Release */,
			);
			defaultConfigurationIsVisible = 0;
			defaultConfigurationName = Release;
		};
/* End XCConfigurationList section */
	};
	rootObject = 666FAA781D384A6B000363DA /* Project object */;
}
